// !$*UTF8*$!
{
	archiveVersion = 1;
	classes = {
	};
	objectVersion = 55;
	objects = {

/* Begin PBXBuildFile section */
		BD0A0C462864F77E0094931E /* AppDelegate.swift in Sources */ = {isa = PBXBuildFile; fileRef = BD0A0C452864F77E0094931E /* AppDelegate.swift */; };
		BD0A0C482864F77E0094931E /* SceneDelegate.swift in Sources */ = {isa = PBXBuildFile; fileRef = BD0A0C472864F77E0094931E /* SceneDelegate.swift */; };
		BD0A0C4A2864F77E0094931E /* ViewController.swift in Sources */ = {isa = PBXBuildFile; fileRef = BD0A0C492864F77E0094931E /* ViewController.swift */; };
		BD0A0C4D2864F77E0094931E /* Main.storyboard in Resources */ = {isa = PBXBuildFile; fileRef = BD0A0C4B2864F77E0094931E /* Main.storyboard */; };
		BD0A0C4F2864F7800094931E /* Assets.xcassets in Resources */ = {isa = PBXBuildFile; fileRef = BD0A0C4E2864F7800094931E /* Assets.xcassets */; };
		BD0A0C522864F7800094931E /* LaunchScreen.storyboard in Resources */ = {isa = PBXBuildFile; fileRef = BD0A0C502864F7800094931E /* LaunchScreen.storyboard */; };
		BDD1CCD4286503C600567B14 /* FirstQViewController.swift in Sources */ = {isa = PBXBuildFile; fileRef = BDD1CCD3286503C600567B14 /* FirstQViewController.swift */; };
		BDD1CCD6286503F500567B14 /* SecondQViewController.swift in Sources */ = {isa = PBXBuildFile; fileRef = BDD1CCD5286503F500567B14 /* SecondQViewController.swift */; };
		BDD1CCD82865040F00567B14 /* ThirdQViewController.swift in Sources */ = {isa = PBXBuildFile; fileRef = BDD1CCD72865040F00567B14 /* ThirdQViewController.swift */; };
/* End PBXBuildFile section */

/* Begin PBXFileReference section */
		BD0A0C422864F77E0094931E /* Mini Project 2 Quiz.app */ = {isa = PBXFileReference; explicitFileType = wrapper.application; includeInIndex = 0; path = "Mini Project 2 Quiz.app"; sourceTree = BUILT_PRODUCTS_DIR; };
		BD0A0C452864F77E0094931E /* AppDelegate.swift */ = {isa = PBXFileReference; lastKnownFileType = sourcecode.swift; path = AppDelegate.swift; sourceTree = "<group>"; };
		BD0A0C472864F77E0094931E /* SceneDelegate.swift */ = {isa = PBXFileReference; lastKnownFileType = sourcecode.swift; path = SceneDelegate.swift; sourceTree = "<group>"; };
		BD0A0C492864F77E0094931E /* ViewController.swift */ = {isa = PBXFileReference; lastKnownFileType = sourcecode.swift; path = ViewController.swift; sourceTree = "<group>"; };
		BD0A0C4C2864F77E0094931E /* Base */ = {isa = PBXFileReference; lastKnownFileType = file.storyboard; name = Base; path = Base.lproj/Main.storyboard; sourceTree = "<group>"; };
		BD0A0C4E2864F7800094931E /* Assets.xcassets */ = {isa = PBXFileReference; lastKnownFileType = folder.assetcatalog; path = Assets.xcassets; sourceTree = "<group>"; };
		BD0A0C512864F7800094931E /* Base */ = {isa = PBXFileReference; lastKnownFileType = file.storyboard; name = Base; path = Base.lproj/LaunchScreen.storyboard; sourceTree = "<group>"; };
		BD0A0C532864F7800094931E /* Info.plist */ = {isa = PBXFileReference; lastKnownFileType = text.plist.xml; path = Info.plist; sourceTree = "<group>"; };
		BDD1CCD3286503C600567B14 /* FirstQViewController.swift */ = {isa = PBXFileReference; lastKnownFileType = sourcecode.swift; path = FirstQViewController.swift; sourceTree = "<group>"; };
		BDD1CCD5286503F500567B14 /* SecondQViewController.swift */ = {isa = PBXFileReference; lastKnownFileType = sourcecode.swift; path = SecondQViewController.swift; sourceTree = "<group>"; };
		BDD1CCD72865040F00567B14 /* ThirdQViewController.swift */ = {isa = PBXFileReference; lastKnownFileType = sourcecode.swift; path = ThirdQViewController.swift; sourceTree = "<group>"; };
/* End PBXFileReference section */

/* Begin PBXFrameworksBuildPhase section */
		BD0A0C3F2864F77E0094931E /* Frameworks */ = {
			isa = PBXFrameworksBuildPhase;
			buildActionMask = 2147483647;
			files = (
			);
			runOnlyForDeploymentPostprocessing = 0;
		};
/* End PBXFrameworksBuildPhase section */

/* Begin PBXGroup section */
		BD0A0C392864F77E0094931E = {
			isa = PBXGroup;
			children = (
				BD0A0C442864F77E0094931E /* Mini Project 2 Quiz */,
				BD0A0C432864F77E0094931E /* Products */,
			);
			sourceTree = "<group>";
		};
		BD0A0C432864F77E0094931E /* Products */ = {
			isa = PBXGroup;
			children = (
				BD0A0C422864F77E0094931E /* Mini Project 2 Quiz.app */,
			);
			name = Products;
			sourceTree = "<group>";
		};
		BD0A0C442864F77E0094931E /* Mini Project 2 Quiz */ = {
			isa = PBXGroup;
			children = (
				BD0A0C452864F77E0094931E /* AppDelegate.swift */,
				BD0A0C472864F77E0094931E /* SceneDelegate.swift */,
				BD0A0C492864F77E0094931E /* ViewController.swift */,
				BD0A0C4B2864F77E0094931E /* Main.storyboard */,
				BDD1CCD72865040F00567B14 /* ThirdQViewController.swift */,
				BDD1CCD5286503F500567B14 /* SecondQViewController.swift */,
				BDD1CCD3286503C600567B14 /* FirstQViewController.swift */,
				BD0A0C4E2864F7800094931E /* Assets.xcassets */,
				BD0A0C502864F7800094931E /* LaunchScreen.storyboard */,
				BD0A0C532864F7800094931E /* Info.plist */,
			);
			path = "Mini Project 2 Quiz";
			sourceTree = "<group>";
		};
/* End PBXGroup section */

/* Begin PBXNativeTarget section */
		BD0A0C412864F77E0094931E /* Mini Project 2 Quiz */ = {
			isa = PBXNativeTarget;
			buildConfigurationList = BD0A0C562864F7800094931E /* Build configuration list for PBXNativeTarget "Mini Project 2 Quiz" */;
			buildPhases = (
				BD0A0C3E2864F77E0094931E /* Sources */,
				BD0A0C3F2864F77E0094931E /* Frameworks */,
				BD0A0C402864F77E0094931E /* Resources */,
			);
			buildRules = (
			);
			dependencies = (
			);
			name = "Mini Project 2 Quiz";
			productName = "Mini Project 2 Quiz";
			productReference = BD0A0C422864F77E0094931E /* Mini Project 2 Quiz.app */;
			productType = "com.apple.product-type.application";
		};
/* End PBXNativeTarget section */

/* Begin PBXProject section */
		BD0A0C3A2864F77E0094931E /* Project object */ = {
			isa = PBXProject;
			attributes = {
				BuildIndependentTargetsInParallel = 1;
				LastSwiftUpdateCheck = 1340;
				LastUpgradeCheck = 1340;
				TargetAttributes = {
					BD0A0C412864F77E0094931E = {
						CreatedOnToolsVersion = 13.4.1;
					};
				};
			};
			buildConfigurationList = BD0A0C3D2864F77E0094931E /* Build configuration list for PBXProject "Mini Project 2 Quiz" */;
			compatibilityVersion = "Xcode 13.0";
			developmentRegion = en;
			hasScannedForEncodings = 0;
			knownRegions = (
				en,
				Base,
			);
			mainGroup = BD0A0C392864F77E0094931E;
			productRefGroup = BD0A0C432864F77E0094931E /* Products */;
			projectDirPath = "";
			projectRoot = "";
			targets = (
				BD0A0C412864F77E0094931E /* Mini Project 2 Quiz */,
			);
		};
/* End PBXProject section */

/* Begin PBXResourcesBuildPhase section */
		BD0A0C402864F77E0094931E /* Resources */ = {
			isa = PBXResourcesBuildPhase;
			buildActionMask = 2147483647;
			files = (
				BD0A0C522864F7800094931E /* LaunchScreen.storyboard in Resources */,
				BD0A0C4F2864F7800094931E /* Assets.xcassets in Resources */,
				BD0A0C4D2864F77E0094931E /* Main.storyboard in Resources */,
			);
			runOnlyForDeploymentPostprocessing = 0;
		};
/* End PBXResourcesBuildPhase section */

/* Begin PBXSourcesBuildPhase section */
		BD0A0C3E2864F77E0094931E /* Sources */ = {
			isa = PBXSourcesBuildPhase;
			buildActionMask = 2147483647;
			files = (
				BD0A0C4A2864F77E0094931E /* ViewController.swift in Sources */,
				BDD1CCD4286503C600567B14 /* FirstQViewController.swift in Sources */,
				BDD1CCD6286503F500567B14 /* SecondQViewController.swift in Sources */,
				BD0A0C462864F77E0094931E /* AppDelegate.swift in Sources */,
				BDD1CCD82865040F00567B14 /* ThirdQViewController.swift in Sources */,
				BD0A0C482864F77E0094931E /* SceneDelegate.swift in Sources */,
			);
			runOnlyForDeploymentPostprocessing = 0;
		};
/* End PBXSourcesBuildPhase section */

/* Begin PBXVariantGroup section */
		BD0A0C4B2864F77E0094931E /* Main.storyboard */ = {
			isa = PBXVariantGroup;
			children = (
				BD0A0C4C2864F77E0094931E /* Base */,
			);
			name = Main.storyboard;
			sourceTree = "<group>";
		};
		BD0A0C502864F7800094931E /* LaunchScreen.storyboard */ = {
			isa = PBXVariantGroup;
			children = (
				BD0A0C512864F7800094931E /* Base */,
			);
			name = LaunchScreen.storyboard;
			sourceTree = "<group>";
		};
/* End PBXVariantGroup section */

/* Begin XCBuildConfiguration section */
		BD0A0C542864F7800094931E /* Debug */ = {
			isa = XCBuildConfiguration;
			buildSettings = {
				ALWAYS_SEARCH_USER_PATHS = NO;
				CLANG_ANALYZER_NONNULL = YES;
				CLANG_ANALYZER_NUMBER_OBJECT_CONVERSION = YES_AGGRESSIVE;
				CLANG_CXX_LANGUAGE_STANDARD = "gnu++17";
				CLANG_ENABLE_MODULES = YES;
				CLANG_ENABLE_OBJC_ARC = YES;
				CLANG_ENABLE_OBJC_WEAK = YES;
				CLANG_WARN_BLOCK_CAPTURE_AUTORELEASING = YES;
				CLANG_WARN_BOOL_CONVERSION = YES;
				CLANG_WARN_COMMA = YES;
				CLANG_WARN_CONSTANT_CONVERSION = YES;
				CLANG_WARN_DEPRECATED_OBJC_IMPLEMENTATIONS = YES;
				CLANG_WARN_DIRECT_OBJC_ISA_USAGE = YES_ERROR;
				CLANG_WARN_DOCUMENTATION_COMMENTS = YES;
				CLANG_WARN_EMPTY_BODY = YES;
				CLANG_WARN_ENUM_CONVERSION = YES;
				CLANG_WARN_INFINITE_RECURSION = YES;
				CLANG_WARN_INT_CONVERSION = YES;
				CLANG_WARN_NON_LITERAL_NULL_CONVERSION = YES;
				CLANG_WARN_OBJC_IMPLICIT_RETAIN_SELF = YES;
				CLANG_WARN_OBJC_LITERAL_CONVERSION = YES;
				CLANG_WARN_OBJC_ROOT_CLASS = YES_ERROR;
				CLANG_WARN_QUOTED_INCLUDE_IN_FRAMEWORK_HEADER = YES;
				CLANG_WARN_RANGE_LOOP_ANALYSIS = YES;
				CLANG_WARN_STRICT_PROTOTYPES = YES;
				CLANG_WARN_SUSPICIOUS_MOVE = YES;
				CLANG_WARN_UNGUARDED_AVAILABILITY = YES_AGGRESSIVE;
				CLANG_WARN_UNREACHABLE_CODE = YES;
				CLANG_WARN__DUPLICATE_METHOD_MATCH = YES;
				COPY_PHASE_STRIP = NO;
				DEBUG_INFORMATION_FORMAT = dwarf;
				ENABLE_STRICT_OBJC_MSGSEND = YES;
				ENABLE_TESTABILITY = YES;
				GCC_C_LANGUAGE_STANDARD = gnu11;
				GCC_DYNAMIC_NO_PIC = NO;
				GCC_NO_COMMON_BLOCKS = YES;
				GCC_OPTIMIZATION_LEVEL = 0;
				GCC_PREPROCESSOR_DEFINITIONS = (
					"DEBUG=1",
					"$(inherited)",
				);
				GCC_WARN_64_TO_32_BIT_CONVERSION = YES;
				GCC_WARN_ABOUT_RETURN_TYPE = YES_ERROR;
				GCC_WARN_UNDECLARED_SELECTOR = YES;
				GCC_WARN_UNINITIALIZED_AUTOS = YES_AGGRESSIVE;
				GCC_WARN_UNUSED_FUNCTION = YES;
				GCC_WARN_UNUSED_VARIABLE = YES;
				IPHONEOS_DEPLOYMENT_TARGET = 15.5;
				MTL_ENABLE_DEBUG_INFO = INCLUDE_SOURCE;
				MTL_FAST_MATH = YES;
				ONLY_ACTIVE_ARCH = YES;
				SDKROOT = iphoneos;
				SWIFT_ACTIVE_COMPILATION_CONDITIONS = DEBUG;
				SWIFT_OPTIMIZATION_LEVEL = "-Onone";
			};
			name = Debug;
		};
		BD0A0C552864F7800094931E /* Release */ = {
			isa = XCBuildConfiguration;
			buildSettings = {
				ALWAYS_SEARCH_USER_PATHS = NO;
				CLANG_ANALYZER_NONNULL = YES;
				CLANG_ANALYZER_NUMBER_OBJECT_CONVERSION = YES_AGGRESSIVE;
				CLANG_CXX_LANGUAGE_STANDARD = "gnu++17";
				CLANG_ENABLE_MODULES = YES;
				CLANG_ENABLE_OBJC_ARC = YES;
				CLANG_ENABLE_OBJC_WEAK = YES;
				CLANG_WARN_BLOCK_CAPTURE_AUTORELEASING = YES;
				CLANG_WARN_BOOL_CONVERSION = YES;
				CLANG_WARN_COMMA = YES;
				CLANG_WARN_CONSTANT_CONVERSION = YES;
				CLANG_WARN_DEPRECATED_OBJC_IMPLEMENTATIONS = YES;
				CLANG_WARN_DIRECT_OBJC_ISA_USAGE = YES_ERROR;
				CLANG_WARN_DOCUMENTATION_COMMENTS = YES;
				CLANG_WARN_EMPTY_BODY = YES;
				CLANG_WARN_ENUM_CONVERSION = YES;
				CLANG_WARN_INFINITE_RECURSION = YES;
				CLANG_WARN_INT_CONVERSION = YES;
				CLANG_WARN_NON_LITERAL_NULL_CONVERSION = YES;
				CLANG_WARN_OBJC_IMPLICIT_RETAIN_SELF = YES;
				CLANG_WARN_OBJC_LITERAL_CONVERSION = YES;
				CLANG_WARN_OBJC_ROOT_CLASS = YES_ERROR;
				CLANG_WARN_QUOTED_INCLUDE_IN_FRAMEWORK_HEADER = YES;
				CLANG_WARN_RANGE_LOOP_ANALYSIS = YES;
				CLANG_WARN_STRICT_PROTOTYPES = YES;
				CLANG_WARN_SUSPICIOUS_MOVE = YES;
				CLANG_WARN_UNGUARDED_AVAILABILITY = YES_AGGRESSIVE;
				CLANG_WARN_UNREACHABLE_CODE = YES;
				CLANG_WARN__DUPLICATE_METHOD_MATCH = YES;
				COPY_PHASE_STRIP = NO;
				DEBUG_INFORMATION_FORMAT = "dwarf-with-dsym";
				ENABLE_NS_ASSERTIONS = NO;
				ENABLE_STRICT_OBJC_MSGSEND = YES;
				GCC_C_LANGUAGE_STANDARD = gnu11;
				GCC_NO_COMMON_BLOCKS = YES;
				GCC_WARN_64_TO_32_BIT_CONVERSION = YES;
				GCC_WARN_ABOUT_RETURN_TYPE = YES_ERROR;
				GCC_WARN_UNDECLARED_SELECTOR = YES;
				GCC_WARN_UNINITIALIZED_AUTOS = YES_AGGRESSIVE;
				GCC_WARN_UNUSED_FUNCTION = YES;
				GCC_WARN_UNUSED_VARIABLE = YES;
				IPHONEOS_DEPLOYMENT_TARGET = 15.5;
				MTL_ENABLE_DEBUG_INFO = NO;
				MTL_FAST_MATH = YES;
				SDKROOT = iphoneos;
				SWIFT_COMPILATION_MODE = wholemodule;
				SWIFT_OPTIMIZATION_LEVEL = "-O";
				VALIDATE_PRODUCT = YES;
			};
			name = Release;
		};
		BD0A0C572864F7800094931E /* Debug */ = {
			isa = XCBuildConfiguration;
			buildSettings = {
				ASSETCATALOG_COMPILER_APPICON_NAME = AppIcon;
				ASSETCATALOG_COMPILER_GLOBAL_ACCENT_COLOR_NAME = AccentColor;
				CODE_SIGN_STYLE = Automatic;
				CURRENT_PROJECT_VERSION = 1;
				GENERATE_INFOPLIST_FILE = YES;
				INFOPLIST_FILE = "Mini Project 2 Quiz/Info.plist";
				INFOPLIST_KEY_UIApplicationSupportsIndirectInputEvents = YES;
				INFOPLIST_KEY_UILaunchStoryboardName = LaunchScreen;
				INFOPLIST_KEY_UIMainStoryboardFile = Main;
				INFOPLIST_KEY_UISupportedInterfaceOrientations_iPad = "UIInterfaceOrientationPortrait UIInterfaceOrientationPortraitUpsideDown UIInterfaceOrientationLandscapeLeft UIInterfaceOrientationLandscapeRight";
				INFOPLIST_KEY_UISupportedInterfaceOrientations_iPhone = "UIInterfaceOrientationPortrait UIInterfaceOrientationLandscapeLeft UIInterfaceOrientationLandscapeRight";
				LD_RUNPATH_SEARCH_PATHS = (
					"$(inherited)",
					"@executable_path/Frameworks",
				);
				MARKETING_VERSION = 1.0;
				PRODUCT_BUNDLE_IDENTIFIER = "KWK.Mini-Project-2-Quiz";
				PRODUCT_NAME = "$(TARGET_NAME)";
				SWIFT_EMIT_LOC_STRINGS = YES;
				SWIFT_VERSION = 5.0;
				TARGETED_DEVICE_FAMILY = "1,2";
			};
			name = Debug;
		};
		BD0A0C582864F7800094931E /* Release */ = {
			isa = XCBuildConfiguration;
			buildSettings = {
				ASSETCATALOG_COMPILER_APPICON_NAME = AppIcon;
				ASSETCATALOG_COMPILER_GLOBAL_ACCENT_COLOR_NAME = AccentColor;
				CODE_SIGN_STYLE = Automatic;
				CURRENT_PROJECT_VERSION = 1;
				GENERATE_INFOPLIST_FILE = YES;
				INFOPLIST_FILE = "Mini Project 2 Quiz/Info.plist";
				INFOPLIST_KEY_UIApplicationSupportsIndirectInputEvents = YES;
				INFOPLIST_KEY_UILaunchStoryboardName = LaunchScreen;
				INFOPLIST_KEY_UIMainStoryboardFile = Main;
				INFOPLIST_KEY_UISupportedInterfaceOrientations_iPad = "UIInterfaceOrientationPortrait UIInterfaceOrientationPortraitUpsideDown UIInterfaceOrientationLandscapeLeft UIInterfaceOrientationLandscapeRight";
				INFOPLIST_KEY_UISupportedInterfaceOrientations_iPhone = "UIInterfaceOrientationPortrait UIInterfaceOrientationLandscapeLeft UIInterfaceOrientationLandscapeRight";
				LD_RUNPATH_SEARCH_PATHS = (
					"$(inherited)",
					"@executable_path/Frameworks",
				);
				MARKETING_VERSION = 1.0;
				PRODUCT_BUNDLE_IDENTIFIER = "KWK.Mini-Project-2-Quiz";
				PRODUCT_NAME = "$(TARGET_NAME)";
				SWIFT_EMIT_LOC_STRINGS = YES;
				SWIFT_VERSION = 5.0;
				TARGETED_DEVICE_FAMILY = "1,2";
			};
			name = Release;
		};
/* End XCBuildConfiguration section */

/* Begin XCConfigurationList section */
		BD0A0C3D2864F77E0094931E /* Build configuration list for PBXProject "Mini Project 2 Quiz" */ = {
			isa = XCConfigurationList;
			buildConfigurations = (
				BD0A0C542864F7800094931E /* Debug */,
				BD0A0C552864F7800094931E /* Release */,
			);
			defaultConfigurationIsVisible = 0;
			defaultConfigurationName = Release;
		};
		BD0A0C562864F7800094931E /* Build configuration list for PBXNativeTarget "Mini Project 2 Quiz" */ = {
			isa = XCConfigurationList;
			buildConfigurations = (
				BD0A0C572864F7800094931E /* Debug */,
				BD0A0C582864F7800094931E /* Release */,
			);
			defaultConfigurationIsVisible = 0;
			defaultConfigurationName = Release;
		};
/* End XCConfigurationList section */
	};
	rootObject = BD0A0C3A2864F77E0094931E /* Project object */;
}
