// !$*UTF8*$!
{
	archiveVersion = 1;
	classes = {
	};
	objectVersion = 55;
	objects = {

/* Begin PBXBuildFile section */
		BD18606B286643CD00F1FAF8 /* AppDelegate.swift in Sources */ = {isa = PBXBuildFile; fileRef = BD18606A286643CD00F1FAF8 /* AppDelegate.swift */; };
		BD18606D286643CD00F1FAF8 /* SceneDelegate.swift in Sources */ = {isa = PBXBuildFile; fileRef = BD18606C286643CD00F1FAF8 /* SceneDelegate.swift */; };
		BD186072286643CD00F1FAF8 /* Main.storyboard in Resources */ = {isa = PBXBuildFile; fileRef = BD186070286643CD00F1FAF8 /* Main.storyboard */; };
		BD186075286643CD00F1FAF8 /* To_Do_List_Project.xcdatamodeld in Sources */ = {isa = PBXBuildFile; fileRef = BD186073286643CD00F1FAF8 /* To_Do_List_Project.xcdatamodeld */; };
		BD186077286643CE00F1FAF8 /* Assets.xcassets in Resources */ = {isa = PBXBuildFile; fileRef = BD186076286643CE00F1FAF8 /* Assets.xcassets */; };
		BD18607A286643CE00F1FAF8 /* LaunchScreen.storyboard in Resources */ = {isa = PBXBuildFile; fileRef = BD186078286643CE00F1FAF8 /* LaunchScreen.storyboard */; };
		BD4F4DA12866473500EE62F3 /* ToDoController.swift in Sources */ = {isa = PBXBuildFile; fileRef = BD4F4DA02866473500EE62F3 /* ToDoController.swift */; };
		BD4F4DA32866479700EE62F3 /* ToDo.swift in Sources */ = {isa = PBXBuildFile; fileRef = BD4F4DA22866479700EE62F3 /* ToDo.swift */; };
		BD54B438286A01E90042618D /* AddToDoViewController.swift in Sources */ = {isa = PBXBuildFile; fileRef = BD54B437286A01E90042618D /* AddToDoViewController.swift */; };
		BDAFC15A286A4BDC00221DC7 /* CompleteToDoViewController.swift in Sources */ = {isa = PBXBuildFile; fileRef = BDAFC159286A4BDC00221DC7 /* CompleteToDoViewController.swift */; };
/* End PBXBuildFile section */

/* Begin PBXFileReference section */
		BD186067286643CD00F1FAF8 /* To Do List Project.app */ = {isa = PBXFileReference; explicitFileType = wrapper.application; includeInIndex = 0; path = "To Do List Project.app"; sourceTree = BUILT_PRODUCTS_DIR; };
		BD18606A286643CD00F1FAF8 /* AppDelegate.swift */ = {isa = PBXFileReference; lastKnownFileType = sourcecode.swift; path = AppDelegate.swift; sourceTree = "<group>"; };
		BD18606C286643CD00F1FAF8 /* SceneDelegate.swift */ = {isa = PBXFileReference; lastKnownFileType = sourcecode.swift; path = SceneDelegate.swift; sourceTree = "<group>"; };
		BD186071286643CD00F1FAF8 /* Base */ = {isa = PBXFileReference; lastKnownFileType = file.storyboard; name = Base; path = Base.lproj/Main.storyboard; sourceTree = "<group>"; };
		BD186074286643CD00F1FAF8 /* To_Do_List_Project.xcdatamodel */ = {isa = PBXFileReference; lastKnownFileType = wrapper.xcdatamodel; path = To_Do_List_Project.xcdatamodel; sourceTree = "<group>"; };
		BD186076286643CE00F1FAF8 /* Assets.xcassets */ = {isa = PBXFileReference; lastKnownFileType = folder.assetcatalog; path = Assets.xcassets; sourceTree = "<group>"; };
		BD186079286643CE00F1FAF8 /* Base */ = {isa = PBXFileReference; lastKnownFileType = file.storyboard; name = Base; path = Base.lproj/LaunchScreen.storyboard; sourceTree = "<group>"; };
		BD18607B286643CE00F1FAF8 /* Info.plist */ = {isa = PBXFileReference; lastKnownFileType = text.plist.xml; path = Info.plist; sourceTree = "<group>"; };
		BD4F4DA02866473500EE62F3 /* ToDoController.swift */ = {isa = PBXFileReference; lastKnownFileType = sourcecode.swift; path = ToDoController.swift; sourceTree = "<group>"; };
		BD4F4DA22866479700EE62F3 /* ToDo.swift */ = {isa = PBXFileReference; lastKnownFileType = sourcecode.swift; path = ToDo.swift; sourceTree = "<group>"; };
		BD54B437286A01E90042618D /* AddToDoViewController.swift */ = {isa = PBXFileReference; lastKnownFileType = sourcecode.swift; path = AddToDoViewController.swift; sourceTree = "<group>"; };
		BDAFC159286A4BDC00221DC7 /* CompleteToDoViewController.swift */ = {isa = PBXFileReference; lastKnownFileType = sourcecode.swift; path = CompleteToDoViewController.swift; sourceTree = "<group>"; };
/* End PBXFileReference section */

/* Begin PBXFrameworksBuildPhase section */
		BD186064286643CD00F1FAF8 /* Frameworks */ = {
			isa = PBXFrameworksBuildPhase;
			buildActionMask = 2147483647;
			files = (
			);
			runOnlyForDeploymentPostprocessing = 0;
		};
/* End PBXFrameworksBuildPhase section */

/* Begin PBXGroup section */
		BD18605E286643CD00F1FAF8 = {
			isa = PBXGroup;
			children = (
				BDAFC159286A4BDC00221DC7 /* CompleteToDoViewController.swift */,
				BD54B437286A01E90042618D /* AddToDoViewController.swift */,
				BD186069286643CD00F1FAF8 /* To Do List Project */,
				BD186068286643CD00F1FAF8 /* Products */,
			);
			sourceTree = "<group>";
		};
		BD186068286643CD00F1FAF8 /* Products */ = {
			isa = PBXGroup;
			children = (
				BD186067286643CD00F1FAF8 /* To Do List Project.app */,
			);
			name = Products;
			sourceTree = "<group>";
		};
		BD186069286643CD00F1FAF8 /* To Do List Project */ = {
			isa = PBXGroup;
			children = (
				BD18606A286643CD00F1FAF8 /* AppDelegate.swift */,
				BD18606C286643CD00F1FAF8 /* SceneDelegate.swift */,
				BD186070286643CD00F1FAF8 /* Main.storyboard */,
				BD4F4DA22866479700EE62F3 /* ToDo.swift */,
				BD4F4DA02866473500EE62F3 /* ToDoController.swift */,
				BD186076286643CE00F1FAF8 /* Assets.xcassets */,
				BD186078286643CE00F1FAF8 /* LaunchScreen.storyboard */,
				BD18607B286643CE00F1FAF8 /* Info.plist */,
				BD186073286643CD00F1FAF8 /* To_Do_List_Project.xcdatamodeld */,
			);
			path = "To Do List Project";
			sourceTree = "<group>";
		};
/* End PBXGroup section */

/* Begin PBXNativeTarget section */
		BD186066286643CD00F1FAF8 /* To Do List Project */ = {
			isa = PBXNativeTarget;
			buildConfigurationList = BD18607E286643CE00F1FAF8 /* Build configuration list for PBXNativeTarget "To Do List Project" */;
			buildPhases = (
				BD186063286643CD00F1FAF8 /* Sources */,
				BD186064286643CD00F1FAF8 /* Frameworks */,
				BD186065286643CD00F1FAF8 /* Resources */,
			);
			buildRules = (
			);
			dependencies = (
			);
			name = "To Do List Project";
			productName = "To Do List Project";
			productReference = BD186067286643CD00F1FAF8 /* To Do List Project.app */;
			productType = "com.apple.product-type.application";
		};
/* End PBXNativeTarget section */

/* Begin PBXProject section */
		BD18605F286643CD00F1FAF8 /* Project object */ = {
			isa = PBXProject;
			attributes = {
				BuildIndependentTargetsInParallel = 1;
				LastSwiftUpdateCheck = 1340;
				LastUpgradeCheck = 1340;
				TargetAttributes = {
					BD186066286643CD00F1FAF8 = {
						CreatedOnToolsVersion = 13.4.1;
					};
				};
			};
			buildConfigurationList = BD186062286643CD00F1FAF8 /* Build configuration list for PBXProject "To Do List Project" */;
			compatibilityVersion = "Xcode 13.0";
			developmentRegion = en;
			hasScannedForEncodings = 0;
			knownRegions = (
				en,
				Base,
			);
			mainGroup = BD18605E286643CD00F1FAF8;
			productRefGroup = BD186068286643CD00F1FAF8 /* Products */;
			projectDirPath = "";
			projectRoot = "";
			targets = (
				BD186066286643CD00F1FAF8 /* To Do List Project */,
			);
		};
/* End PBXProject section */

/* Begin PBXResourcesBuildPhase section */
		BD186065286643CD00F1FAF8 /* Resources */ = {
			isa = PBXResourcesBuildPhase;
			buildActionMask = 2147483647;
			files = (
				BD18607A286643CE00F1FAF8 /* LaunchScreen.storyboard in Resources */,
				BD186077286643CE00F1FAF8 /* Assets.xcassets in Resources */,
				BD186072286643CD00F1FAF8 /* Main.storyboard in Resources */,
			);
			runOnlyForDeploymentPostprocessing = 0;
		};
/* End PBXResourcesBuildPhase section */

/* Begin PBXSourcesBuildPhase section */
		BD186063286643CD00F1FAF8 /* Sources */ = {
			isa = PBXSourcesBuildPhase;
			buildActionMask = 2147483647;
			files = (
				BD186075286643CD00F1FAF8 /* To_Do_List_Project.xcdatamodeld in Sources */,
				BD4F4DA32866479700EE62F3 /* ToDo.swift in Sources */,
				BD4F4DA12866473500EE62F3 /* ToDoController.swift in Sources */,
				BDAFC15A286A4BDC00221DC7 /* CompleteToDoViewController.swift in Sources */,
				BD18606B286643CD00F1FAF8 /* AppDelegate.swift in Sources */,
				BD54B438286A01E90042618D /* AddToDoViewController.swift in Sources */,
				BD18606D286643CD00F1FAF8 /* SceneDelegate.swift in Sources */,
			);
			runOnlyForDeploymentPostprocessing = 0;
		};
/* End PBXSourcesBuildPhase section */

/* Begin PBXVariantGroup section */
		BD186070286643CD00F1FAF8 /* Main.storyboard */ = {
			isa = PBXVariantGroup;
			children = (
				BD186071286643CD00F1FAF8 /* Base */,
			);
			name = Main.storyboard;
			sourceTree = "<group>";
		};
		BD186078286643CE00F1FAF8 /* LaunchScreen.storyboard */ = {
			isa = PBXVariantGroup;
			children = (
				BD186079286643CE00F1FAF8 /* Base */,
			);
			name = LaunchScreen.storyboard;
			sourceTree = "<group>";
		};
/* End PBXVariantGroup section */

/* Begin XCBuildConfiguration section */
		BD18607C286643CE00F1FAF8 /* Debug */ = {
			isa = XCBuildConfiguration;
			buildSettings = {
				ALWAYS_SEARCH_USER_PATHS = NO;
				CLANG_ANALYZER_NONNULL = YES;
				CLANG_ANALYZER_NUMBER_OBJECT_CONVERSION = YES_AGGRESSIVE;
				CLANG_CXX_LANGUAGE_STANDARD = "gnu++17";
				CLANG_ENABLE_MODULES = YES;
				CLANG_ENABLE_OBJC_ARC = YES;
				CLANG_ENABLE_OBJC_WEAK = YES;
				CLANG_WARN_BLOCK_CAPTURE_AUTORELEASING = YES;
				CLANG_WARN_BOOL_CONVERSION = YES;
				CLANG_WARN_COMMA = YES;
				CLANG_WARN_CONSTANT_CONVERSION = YES;
				CLANG_WARN_DEPRECATED_OBJC_IMPLEMENTATIONS = YES;
				CLANG_WARN_DIRECT_OBJC_ISA_USAGE = YES_ERROR;
				CLANG_WARN_DOCUMENTATION_COMMENTS = YES;
				CLANG_WARN_EMPTY_BODY = YES;
				CLANG_WARN_ENUM_CONVERSION = YES;
				CLANG_WARN_INFINITE_RECURSION = YES;
				CLANG_WARN_INT_CONVERSION = YES;
				CLANG_WARN_NON_LITERAL_NULL_CONVERSION = YES;
				CLANG_WARN_OBJC_IMPLICIT_RETAIN_SELF = YES;
				CLANG_WARN_OBJC_LITERAL_CONVERSION = YES;
				CLANG_WARN_OBJC_ROOT_CLASS = YES_ERROR;
				CLANG_WARN_QUOTED_INCLUDE_IN_FRAMEWORK_HEADER = YES;
				CLANG_WARN_RANGE_LOOP_ANALYSIS = YES;
				CLANG_WARN_STRICT_PROTOTYPES = YES;
				CLANG_WARN_SUSPICIOUS_MOVE = YES;
				CLANG_WARN_UNGUARDED_AVAILABILITY = YES_AGGRESSIVE;
				CLANG_WARN_UNREACHABLE_CODE = YES;
				CLANG_WARN__DUPLICATE_METHOD_MATCH = YES;
				COPY_PHASE_STRIP = NO;
				DEBUG_INFORMATION_FORMAT = dwarf;
				ENABLE_STRICT_OBJC_MSGSEND = YES;
				ENABLE_TESTABILITY = YES;
				GCC_C_LANGUAGE_STANDARD = gnu11;
				GCC_DYNAMIC_NO_PIC = NO;
				GCC_NO_COMMON_BLOCKS = YES;
				GCC_OPTIMIZATION_LEVEL = 0;
				GCC_PREPROCESSOR_DEFINITIONS = (
					"DEBUG=1",
					"$(inherited)",
				);
				GCC_WARN_64_TO_32_BIT_CONVERSION = YES;
				GCC_WARN_ABOUT_RETURN_TYPE = YES_ERROR;
				GCC_WARN_UNDECLARED_SELECTOR = YES;
				GCC_WARN_UNINITIALIZED_AUTOS = YES_AGGRESSIVE;
				GCC_WARN_UNUSED_FUNCTION = YES;
				GCC_WARN_UNUSED_VARIABLE = YES;
				IPHONEOS_DEPLOYMENT_TARGET = 15.5;
				MTL_ENABLE_DEBUG_INFO = INCLUDE_SOURCE;
				MTL_FAST_MATH = YES;
				ONLY_ACTIVE_ARCH = YES;
				SDKROOT = iphoneos;
				SWIFT_ACTIVE_COMPILATION_CONDITIONS = DEBUG;
				SWIFT_OPTIMIZATION_LEVEL = "-Onone";
			};
			name = Debug;
		};
		BD18607D286643CE00F1FAF8 /* Release */ = {
			isa = XCBuildConfiguration;
			buildSettings = {
				ALWAYS_SEARCH_USER_PATHS = NO;
				CLANG_ANALYZER_NONNULL = YES;
				CLANG_ANALYZER_NUMBER_OBJECT_CONVERSION = YES_AGGRESSIVE;
				CLANG_CXX_LANGUAGE_STANDARD = "gnu++17";
				CLANG_ENABLE_MODULES = YES;
				CLANG_ENABLE_OBJC_ARC = YES;
				CLANG_ENABLE_OBJC_WEAK = YES;
				CLANG_WARN_BLOCK_CAPTURE_AUTORELEASING = YES;
				CLANG_WARN_BOOL_CONVERSION = YES;
				CLANG_WARN_COMMA = YES;
				CLANG_WARN_CONSTANT_CONVERSION = YES;
				CLANG_WARN_DEPRECATED_OBJC_IMPLEMENTATIONS = YES;
				CLANG_WARN_DIRECT_OBJC_ISA_USAGE = YES_ERROR;
				CLANG_WARN_DOCUMENTATION_COMMENTS = YES;
				CLANG_WARN_EMPTY_BODY = YES;
				CLANG_WARN_ENUM_CONVERSION = YES;
				CLANG_WARN_INFINITE_RECURSION = YES;
				CLANG_WARN_INT_CONVERSION = YES;
				CLANG_WARN_NON_LITERAL_NULL_CONVERSION = YES;
				CLANG_WARN_OBJC_IMPLICIT_RETAIN_SELF = YES;
				CLANG_WARN_OBJC_LITERAL_CONVERSION = YES;
				CLANG_WARN_OBJC_ROOT_CLASS = YES_ERROR;
				CLANG_WARN_QUOTED_INCLUDE_IN_FRAMEWORK_HEADER = YES;
				CLANG_WARN_RANGE_LOOP_ANALYSIS = YES;
				CLANG_WARN_STRICT_PROTOTYPES = YES;
				CLANG_WARN_SUSPICIOUS_MOVE = YES;
				CLANG_WARN_UNGUARDED_AVAILABILITY = YES_AGGRESSIVE;
				CLANG_WARN_UNREACHABLE_CODE = YES;
				CLANG_WARN__DUPLICATE_METHOD_MATCH = YES;
				COPY_PHASE_STRIP = NO;
				DEBUG_INFORMATION_FORMAT = "dwarf-with-dsym";
				ENABLE_NS_ASSERTIONS = NO;
				ENABLE_STRICT_OBJC_MSGSEND = YES;
				GCC_C_LANGUAGE_STANDARD = gnu11;
				GCC_NO_COMMON_BLOCKS = YES;
				GCC_WARN_64_TO_32_BIT_CONVERSION = YES;
				GCC_WARN_ABOUT_RETURN_TYPE = YES_ERROR;
				GCC_WARN_UNDECLARED_SELECTOR = YES;
				GCC_WARN_UNINITIALIZED_AUTOS = YES_AGGRESSIVE;
				GCC_WARN_UNUSED_FUNCTION = YES;
				GCC_WARN_UNUSED_VARIABLE = YES;
				IPHONEOS_DEPLOYMENT_TARGET = 15.5;
				MTL_ENABLE_DEBUG_INFO = NO;
				MTL_FAST_MATH = YES;
				SDKROOT = iphoneos;
				SWIFT_COMPILATION_MODE = wholemodule;
				SWIFT_OPTIMIZATION_LEVEL = "-O";
				VALIDATE_PRODUCT = YES;
			};
			name = Release;
		};
		BD18607F286643CE00F1FAF8 /* Debug */ = {
			isa = XCBuildConfiguration;
			buildSettings = {
				ASSETCATALOG_COMPILER_APPICON_NAME = AppIcon;
				ASSETCATALOG_COMPILER_GLOBAL_ACCENT_COLOR_NAME = AccentColor;
				CODE_SIGN_STYLE = Automatic;
				CURRENT_PROJECT_VERSION = 1;
				GENERATE_INFOPLIST_FILE = YES;
				INFOPLIST_FILE = "To Do List Project/Info.plist";
				INFOPLIST_KEY_UIApplicationSupportsIndirectInputEvents = YES;
				INFOPLIST_KEY_UILaunchStoryboardName = LaunchScreen;
				INFOPLIST_KEY_UIMainStoryboardFile = Main;
				INFOPLIST_KEY_UISupportedInterfaceOrientations_iPad = "UIInterfaceOrientationPortrait UIInterfaceOrientationPortraitUpsideDown UIInterfaceOrientationLandscapeLeft UIInterfaceOrientationLandscapeRight";
				INFOPLIST_KEY_UISupportedInterfaceOrientations_iPhone = "UIInterfaceOrientationPortrait UIInterfaceOrientationLandscapeLeft UIInterfaceOrientationLandscapeRight";
				LD_RUNPATH_SEARCH_PATHS = (
					"$(inherited)",
					"@executable_path/Frameworks",
				);
				MARKETING_VERSION = 1.0;
				PRODUCT_BUNDLE_IDENTIFIER = "KWK.To-Do-List-Project";
				PRODUCT_NAME = "$(TARGET_NAME)";
				SWIFT_EMIT_LOC_STRINGS = YES;
				SWIFT_VERSION = 5.0;
				TARGETED_DEVICE_FAMILY = "1,2";
			};
			name = Debug;
		};
		BD186080286643CE00F1FAF8 /* Release */ = {
			isa = XCBuildConfiguration;
			buildSettings = {
				ASSETCATALOG_COMPILER_APPICON_NAME = AppIcon;
				ASSETCATALOG_COMPILER_GLOBAL_ACCENT_COLOR_NAME = AccentColor;
				CODE_SIGN_STYLE = Automatic;
				CURRENT_PROJECT_VERSION = 1;
				GENERATE_INFOPLIST_FILE = YES;
				INFOPLIST_FILE = "To Do List Project/Info.plist";
				INFOPLIST_KEY_UIApplicationSupportsIndirectInputEvents = YES;
				INFOPLIST_KEY_UILaunchStoryboardName = LaunchScreen;
				INFOPLIST_KEY_UIMainStoryboardFile = Main;
				INFOPLIST_KEY_UISupportedInterfaceOrientations_iPad = "UIInterfaceOrientationPortrait UIInterfaceOrientationPortraitUpsideDown UIInterfaceOrientationLandscapeLeft UIInterfaceOrientationLandscapeRight";
				INFOPLIST_KEY_UISupportedInterfaceOrientations_iPhone = "UIInterfaceOrientationPortrait UIInterfaceOrientationLandscapeLeft UIInterfaceOrientationLandscapeRight";
				LD_RUNPATH_SEARCH_PATHS = (
					"$(inherited)",
					"@executable_path/Frameworks",
				);
				MARKETING_VERSION = 1.0;
				PRODUCT_BUNDLE_IDENTIFIER = "KWK.To-Do-List-Project";
				PRODUCT_NAME = "$(TARGET_NAME)";
				SWIFT_EMIT_LOC_STRINGS = YES;
				SWIFT_VERSION = 5.0;
				TARGETED_DEVICE_FAMILY = "1,2";
			};
			name = Release;
		};
/* End XCBuildConfiguration section */

/* Begin XCConfigurationList section */
		BD186062286643CD00F1FAF8 /* Build configuration list for PBXProject "To Do List Project" */ = {
			isa = XCConfigurationList;
			buildConfigurations = (
				BD18607C286643CE00F1FAF8 /* Debug */,
				BD18607D286643CE00F1FAF8 /* Release */,
			);
			defaultConfigurationIsVisible = 0;
			defaultConfigurationName = Release;
		};
		BD18607E286643CE00F1FAF8 /* Build configuration list for PBXNativeTarget "To Do List Project" */ = {
			isa = XCConfigurationList;
			buildConfigurations = (
				BD18607F286643CE00F1FAF8 /* Debug */,
				BD186080286643CE00F1FAF8 /* Release */,
			);
			defaultConfigurationIsVisible = 0;
			defaultConfigurationName = Release;
		};
/* End XCConfigurationList section */

/* Begin XCVersionGroup section */
		BD186073286643CD00F1FAF8 /* To_Do_List_Project.xcdatamodeld */ = {
			isa = XCVersionGroup;
			children = (
				BD186074286643CD00F1FAF8 /* To_Do_List_Project.xcdatamodel */,
			);
			currentVersion = BD186074286643CD00F1FAF8 /* To_Do_List_Project.xcdatamodel */;
			path = To_Do_List_Project.xcdatamodeld;
			sourceTree = "<group>";
			versionGroupType = wrapper.xcdatamodel;
		};
/* End XCVersionGroup section */
	};
	rootObject = BD18605F286643CD00F1FAF8 /* Project object */;
}
